// !$*UTF8*$!
{
	archiveVersion = 1;
	classes = {
	};
	objectVersion = 48;
	objects = {

/* Begin PBXBuildFile section */
		CD043066203A1A2E00E25CA2 /* AppDelegate.swift in Sources */ = {isa = PBXBuildFile; fileRef = CD043065203A1A2E00E25CA2 /* AppDelegate.swift */; };
		CD043068203A1A2E00E25CA2 /* FirstViewController.swift in Sources */ = {isa = PBXBuildFile; fileRef = CD043067203A1A2E00E25CA2 /* FirstViewController.swift */; };
		CD04306A203A1A2E00E25CA2 /* SecondViewController.swift in Sources */ = {isa = PBXBuildFile; fileRef = CD043069203A1A2E00E25CA2 /* SecondViewController.swift */; };
		CD04306D203A1A2E00E25CA2 /* Main.storyboard in Resources */ = {isa = PBXBuildFile; fileRef = CD04306B203A1A2E00E25CA2 /* Main.storyboard */; };
		CD04306F203A1A2E00E25CA2 /* Assets.xcassets in Resources */ = {isa = PBXBuildFile; fileRef = CD04306E203A1A2E00E25CA2 /* Assets.xcassets */; };
		CD043072203A1A2E00E25CA2 /* LaunchScreen.storyboard in Resources */ = {isa = PBXBuildFile; fileRef = CD043070203A1A2E00E25CA2 /* LaunchScreen.storyboard */; };
/* End PBXBuildFile section */

/* Begin PBXFileReference section */
		CD043062203A1A2E00E25CA2 /* RPS-Joshi.app */ = {isa = PBXFileReference; explicitFileType = wrapper.application; includeInIndex = 0; path = "RPS-Joshi.app"; sourceTree = BUILT_PRODUCTS_DIR; };
		CD043065203A1A2E00E25CA2 /* AppDelegate.swift */ = {isa = PBXFileReference; lastKnownFileType = sourcecode.swift; path = AppDelegate.swift; sourceTree = "<group>"; };
		CD043067203A1A2E00E25CA2 /* FirstViewController.swift */ = {isa = PBXFileReference; lastKnownFileType = sourcecode.swift; path = FirstViewController.swift; sourceTree = "<group>"; };
		CD043069203A1A2E00E25CA2 /* SecondViewController.swift */ = {isa = PBXFileReference; lastKnownFileType = sourcecode.swift; path = SecondViewController.swift; sourceTree = "<group>"; };
		CD04306C203A1A2E00E25CA2 /* Base */ = {isa = PBXFileReference; lastKnownFileType = file.storyboard; name = Base; path = Base.lproj/Main.storyboard; sourceTree = "<group>"; };
		CD04306E203A1A2E00E25CA2 /* Assets.xcassets */ = {isa = PBXFileReference; lastKnownFileType = folder.assetcatalog; path = Assets.xcassets; sourceTree = "<group>"; };
		CD043071203A1A2E00E25CA2 /* Base */ = {isa = PBXFileReference; lastKnownFileType = file.storyboard; name = Base; path = Base.lproj/LaunchScreen.storyboard; sourceTree = "<group>"; };
		CD043073203A1A2E00E25CA2 /* Info.plist */ = {isa = PBXFileReference; lastKnownFileType = text.plist.xml; path = Info.plist; sourceTree = "<group>"; };
/* End PBXFileReference section */

/* Begin PBXFrameworksBuildPhase section */
		CD04305F203A1A2E00E25CA2 /* Frameworks */ = {
			isa = PBXFrameworksBuildPhase;
			buildActionMask = 2147483647;
			files = (
			);
			runOnlyForDeploymentPostprocessing = 0;
		};
/* End PBXFrameworksBuildPhase section */

/* Begin PBXGroup section */
		CD043059203A1A2E00E25CA2 = {
			isa = PBXGroup;
			children = (
				CD043064203A1A2E00E25CA2 /* RPS-Joshi */,
				CD043063203A1A2E00E25CA2 /* Products */,
			);
			sourceTree = "<group>";
		};
		CD043063203A1A2E00E25CA2 /* Products */ = {
			isa = PBXGroup;
			children = (
				CD043062203A1A2E00E25CA2 /* RPS-Joshi.app */,
			);
			name = Products;
			sourceTree = "<group>";
		};
		CD043064203A1A2E00E25CA2 /* RPS-Joshi */ = {
			isa = PBXGroup;
			children = (
				CD043065203A1A2E00E25CA2 /* AppDelegate.swift */,
				CD043067203A1A2E00E25CA2 /* FirstViewController.swift */,
				CD043069203A1A2E00E25CA2 /* SecondViewController.swift */,
				CD04306B203A1A2E00E25CA2 /* Main.storyboard */,
				CD04306E203A1A2E00E25CA2 /* Assets.xcassets */,
				CD043070203A1A2E00E25CA2 /* LaunchScreen.storyboard */,
				CD043073203A1A2E00E25CA2 /* Info.plist */,
			);
			path = "RPS-Joshi";
			sourceTree = "<group>";
		};
/* End PBXGroup section */

/* Begin PBXNativeTarget section */
		CD043061203A1A2E00E25CA2 /* RPS-Joshi */ = {
			isa = PBXNativeTarget;
			buildConfigurationList = CD043076203A1A2E00E25CA2 /* Build configuration list for PBXNativeTarget "RPS-Joshi" */;
			buildPhases = (
				CD04305E203A1A2E00E25CA2 /* Sources */,
				CD04305F203A1A2E00E25CA2 /* Frameworks */,
				CD043060203A1A2E00E25CA2 /* Resources */,
			);
			buildRules = (
			);
			dependencies = (
			);
			name = "RPS-Joshi";
			productName = "RPS-Joshi";
			productReference = CD043062203A1A2E00E25CA2 /* RPS-Joshi.app */;
			productType = "com.apple.product-type.application";
		};
/* End PBXNativeTarget section */

/* Begin PBXProject section */
		CD04305A203A1A2E00E25CA2 /* Project object */ = {
			isa = PBXProject;
			attributes = {
				LastSwiftUpdateCheck = 0920;
				LastUpgradeCheck = 0920;
				ORGANIZATIONNAME = "Joshi,Aawaj R";
				TargetAttributes = {
					CD043061203A1A2E00E25CA2 = {
						CreatedOnToolsVersion = 9.2;
						ProvisioningStyle = Automatic;
					};
				};
			};
			buildConfigurationList = CD04305D203A1A2E00E25CA2 /* Build configuration list for PBXProject "RPS-Joshi" */;
			compatibilityVersion = "Xcode 8.0";
			developmentRegion = en;
			hasScannedForEncodings = 0;
			knownRegions = (
				en,
				Base,
			);
			mainGroup = CD043059203A1A2E00E25CA2;
			productRefGroup = CD043063203A1A2E00E25CA2 /* Products */;
			projectDirPath = "";
			projectRoot = "";
			targets = (
				CD043061203A1A2E00E25CA2 /* RPS-Joshi */,
			);
		};
/* End PBXProject section */

/* Begin PBXResourcesBuildPhase section */
		CD043060203A1A2E00E25CA2 /* Resources */ = {
			isa = PBXResourcesBuildPhase;
			buildActionMask = 2147483647;
			files = (
				CD043072203A1A2E00E25CA2 /* LaunchScreen.storyboard in Resources */,
				CD04306F203A1A2E00E25CA2 /* Assets.xcassets in Resources */,
				CD04306D203A1A2E00E25CA2 /* Main.storyboard in Resources */,
			);
			runOnlyForDeploymentPostprocessing = 0;
		};
/* End PBXResourcesBuildPhase section */

/* Begin PBXSourcesBuildPhase section */
		CD04305E203A1A2E00E25CA2 /* Sources */ = {
			isa = PBXSourcesBuildPhase;
			buildActionMask = 2147483647;
			files = (
				CD04306A203A1A2E00E25CA2 /* SecondViewController.swift in Sources */,
				CD043066203A1A2E00E25CA2 /* AppDelegate.swift in Sources */,
				CD043068203A1A2E00E25CA2 /* FirstViewController.swift in Sources */,
			);
			runOnlyForDeploymentPostprocessing = 0;
		};
/* End PBXSourcesBuildPhase section */

/* Begin PBXVariantGroup section */
		CD04306B203A1A2E00E25CA2 /* Main.storyboard */ = {
			isa = PBXVariantGroup;
			children = (
				CD04306C203A1A2E00E25CA2 /* Base */,
			);
			name = Main.storyboard;
			sourceTree = "<group>";
		};
		CD043070203A1A2E00E25CA2 /* LaunchScreen.storyboard */ = {
			isa = PBXVariantGroup;
			children = (
				CD043071203A1A2E00E25CA2 /* Base */,
			);
			name = LaunchScreen.storyboard;
			sourceTree = "<group>";
		};
/* End PBXVariantGroup section */

/* Begin XCBuildConfiguration section */
		CD043074203A1A2E00E25CA2 /* Debug */ = {
			isa = XCBuildConfiguration;
			buildSettings = {
				ALWAYS_SEARCH_USER_PATHS = NO;
				CLANG_ANALYZER_NONNULL = YES;
				CLANG_ANALYZER_NUMBER_OBJECT_CONVERSION = YES_AGGRESSIVE;
				CLANG_CXX_LANGUAGE_STANDARD = "gnu++14";
				CLANG_CXX_LIBRARY = "libc++";
				CLANG_ENABLE_MODULES = YES;
				CLANG_ENABLE_OBJC_ARC = YES;
				CLANG_WARN_BLOCK_CAPTURE_AUTORELEASING = YES;
				CLANG_WARN_BOOL_CONVERSION = YES;
				CLANG_WARN_COMMA = YES;
				CLANG_WARN_CONSTANT_CONVERSION = YES;
				CLANG_WARN_DIRECT_OBJC_ISA_USAGE = YES_ERROR;
				CLANG_WARN_DOCUMENTATION_COMMENTS = YES;
				CLANG_WARN_EMPTY_BODY = YES;
				CLANG_WARN_ENUM_CONVERSION = YES;
				CLANG_WARN_INFINITE_RECURSION = YES;
				CLANG_WARN_INT_CONVERSION = YES;
				CLANG_WARN_NON_LITERAL_NULL_CONVERSION = YES;
				CLANG_WARN_OBJC_LITERAL_CONVERSION = YES;
				CLANG_WARN_OBJC_ROOT_CLASS = YES_ERROR;
				CLANG_WARN_RANGE_LOOP_ANALYSIS = YES;
				CLANG_WARN_STRICT_PROTOTYPES = YES;
				CLANG_WARN_SUSPICIOUS_MOVE = YES;
				CLANG_WARN_UNGUARDED_AVAILABILITY = YES_AGGRESSIVE;
				CLANG_WARN_UNREACHABLE_CODE = YES;
				CLANG_WARN__DUPLICATE_METHOD_MATCH = YES;
				CODE_SIGN_IDENTITY = "iPhone Developer";
				COPY_PHASE_STRIP = NO;
				DEBUG_INFORMATION_FORMAT = dwarf;
				ENABLE_STRICT_OBJC_MSGSEND = YES;
				ENABLE_TESTABILITY = YES;
				GCC_C_LANGUAGE_STANDARD = gnu11;
				GCC_DYNAMIC_NO_PIC = NO;
				GCC_NO_COMMON_BLOCKS = YES;
				GCC_OPTIMIZATION_LEVEL = 0;
				GCC_PREPROCESSOR_DEFINITIONS = (
					"DEBUG=1",
					"$(inherited)",
				);
				GCC_WARN_64_TO_32_BIT_CONVERSION = YES;
				GCC_WARN_ABOUT_RETURN_TYPE = YES_ERROR;
				GCC_WARN_UNDECLARED_SELECTOR = YES;
				GCC_WARN_UNINITIALIZED_AUTOS = YES_AGGRESSIVE;
				GCC_WARN_UNUSED_FUNCTION = YES;
				GCC_WARN_UNUSED_VARIABLE = YES;
				IPHONEOS_DEPLOYMENT_TARGET = 11.2;
				MTL_ENABLE_DEBUG_INFO = YES;
				ONLY_ACTIVE_ARCH = YES;
				SDKROOT = iphoneos;
				SWIFT_ACTIVE_COMPILATION_CONDITIONS = DEBUG;
				SWIFT_OPTIMIZATION_LEVEL = "-Onone";
			};
			name = Debug;
		};
		CD043075203A1A2E00E25CA2 /* Release */ = {
			isa = XCBuildConfiguration;
			buildSettings = {
				ALWAYS_SEARCH_USER_PATHS = NO;
				CLANG_ANALYZER_NONNULL = YES;
				CLANG_ANALYZER_NUMBER_OBJECT_CONVERSION = YES_AGGRESSIVE;
				CLANG_CXX_LANGUAGE_STANDARD = "gnu++14";
				CLANG_CXX_LIBRARY = "libc++";
				CLANG_ENABLE_MODULES = YES;
				CLANG_ENABLE_OBJC_ARC = YES;
				CLANG_WARN_BLOCK_CAPTURE_AUTORELEASING = YES;
				CLANG_WARN_BOOL_CONVERSION = YES;
				CLANG_WARN_COMMA = YES;
				CLANG_WARN_CONSTANT_CONVERSION = YES;
				CLANG_WARN_DIRECT_OBJC_ISA_USAGE = YES_ERROR;
				CLANG_WARN_DOCUMENTATION_COMMENTS = YES;
				CLANG_WARN_EMPTY_BODY = YES;
				CLANG_WARN_ENUM_CONVERSION = YES;
				CLANG_WARN_INFINITE_RECURSION = YES;
				CLANG_WARN_INT_CONVERSION = YES;
				CLANG_WARN_NON_LITERAL_NULL_CONVERSION = YES;
				CLANG_WARN_OBJC_LITERAL_CONVERSION = YES;
				CLANG_WARN_OBJC_ROOT_CLASS = YES_ERROR;
				CLANG_WARN_RANGE_LOOP_ANALYSIS = YES;
				CLANG_WARN_STRICT_PROTOTYPES = YES;
				CLANG_WARN_SUSPICIOUS_MOVE = YES;
				CLANG_WARN_UNGUARDED_AVAILABILITY = YES_AGGRESSIVE;
				CLANG_WARN_UNREACHABLE_CODE = YES;
				CLANG_WARN__DUPLICATE_METHOD_MATCH = YES;
				CODE_SIGN_IDENTITY = "iPhone Developer";
				COPY_PHASE_STRIP = NO;
				DEBUG_INFORMATION_FORMAT = "dwarf-with-dsym";
				ENABLE_NS_ASSERTIONS = NO;
				ENABLE_STRICT_OBJC_MSGSEND = YES;
				GCC_C_LANGUAGE_STANDARD = gnu11;
				GCC_NO_COMMON_BLOCKS = YES;
				GCC_WARN_64_TO_32_BIT_CONVERSION = YES;
				GCC_WARN_ABOUT_RETURN_TYPE = YES_ERROR;
				GCC_WARN_UNDECLARED_SELECTOR = YES;
				GCC_WARN_UNINITIALIZED_AUTOS = YES_AGGRESSIVE;
				GCC_WARN_UNUSED_FUNCTION = YES;
				GCC_WARN_UNUSED_VARIABLE = YES;
				IPHONEOS_DEPLOYMENT_TARGET = 11.2;
				MTL_ENABLE_DEBUG_INFO = NO;
				SDKROOT = iphoneos;
				SWIFT_OPTIMIZATION_LEVEL = "-Owholemodule";
				VALIDATE_PRODUCT = YES;
			};
			name = Release;
		};
		CD043077203A1A2E00E25CA2 /* Debug */ = {
			isa = XCBuildConfiguration;
			buildSettings = {
				ASSETCATALOG_COMPILER_APPICON_NAME = AppIcon;
				CODE_SIGN_STYLE = Automatic;
				INFOPLIST_FILE = "RPS-Joshi/Info.plist";
				LD_RUNPATH_SEARCH_PATHS = "$(inherited) @executable_path/Frameworks";
				PRODUCT_BUNDLE_IDENTIFIER = "edu.nwmissouri.RPS-Joshi";
				PRODUCT_NAME = "$(TARGET_NAME)";
				SWIFT_VERSION = 4.0;
				TARGETED_DEVICE_FAMILY = "1,2";
			};
			name = Debug;
		};
		CD043078203A1A2E00E25CA2 /* Release */ = {
			isa = XCBuildConfiguration;
			buildSettings = {
				ASSETCATALOG_COMPILER_APPICON_NAME = AppIcon;
				CODE_SIGN_STYLE = Automatic;
				INFOPLIST_FILE = "RPS-Joshi/Info.plist";
				LD_RUNPATH_SEARCH_PATHS = "$(inherited) @executable_path/Frameworks";
				PRODUCT_BUNDLE_IDENTIFIER = "edu.nwmissouri.RPS-Joshi";
				PRODUCT_NAME = "$(TARGET_NAME)";
				SWIFT_VERSION = 4.0;
				TARGETED_DEVICE_FAMILY = "1,2";
			};
			name = Release;
		};
/* End XCBuildConfiguration section */

/* Begin XCConfigurationList section */
		CD04305D203A1A2E00E25CA2 /* Build configuration list for PBXProject "RPS-Joshi" */ = {
			isa = XCConfigurationList;
			buildConfigurations = (
				CD043074203A1A2E00E25CA2 /* Debug */,
				CD043075203A1A2E00E25CA2 /* Release */,
			);
			defaultConfigurationIsVisible = 0;
			defaultConfigurationName = Release;
		};
		CD043076203A1A2E00E25CA2 /* Build configuration list for PBXNativeTarget "RPS-Joshi" */ = {
			isa = XCConfigurationList;
			buildConfigurations = (
				CD043077203A1A2E00E25CA2 /* Debug */,
				CD043078203A1A2E00E25CA2 /* Release */,
			);
			defaultConfigurationIsVisible = 0;
			defaultConfigurationName = Release;
		};
/* End XCConfigurationList section */
	};
	rootObject = CD04305A203A1A2E00E25CA2 /* Project object */;
}
